
Microsoft Visual Studio Solution File, Format Version 11.00
# Visual Studio 2010
Project("{2150E333-8FDC-42A3-9474-1A3956D46DE8}") = "MonoDroid", "MonoDroid", "{51025AC7-4970-4384-8ADB-323CEF2C57A2}"
EndProject
Project("{FAE04EC0-301F-11D3-BF4B-00C04F79EFBC}") = "NetTopologySuite.MonoDroid", "MonoDroid\NetTopologySuite\NetTopologySuite.MonoDroid.csproj", "{11A3E3C2-CA59-4B5A-82A5-6BDF267540F9}"
EndProject
Project("{FAE04EC0-301F-11D3-BF4B-00C04F79EFBC}") = "GeoAPI.MonoDroid", "GeoAPI\GeoAPI.MonoDroid\GeoAPI.MonoDroid.csproj", "{897A3D5B-501C-49BB-9037-793B957C06A0}"
EndProject
Project("{FAE04EC0-301F-11D3-BF4B-00C04F79EFBC}") = "PowerCollections.MonoDroid", "PowerCollections\PowerCollections.MonoDroid\PowerCollections.MonoDroid.csproj", "{72D7CE87-70A8-41DD-810F-BF959F31DB61}"
EndProject
Project("{FAE04EC0-301F-11D3-BF4B-00C04F79EFBC}") = "NTSTest.Droid", "NTSTest.Droid\NTSTest.Droid.csproj", "{6B073DFD-769D-4547-8676-311D6B74BECB}"
EndProject
Project("{2150E333-8FDC-42A3-9474-1A3956D46DE8}") = "MonoTouch", "MonoTouch", "{C1B3BF9D-D2F9-4A8F-BFBC-C87B832889DA}"
EndProject
Project("{FAE04EC0-301F-11D3-BF4B-00C04F79EFBC}") = "GeoAPI.MonoTouch", "GeoAPI\GeoAPI.MonoTouch\GeoAPI.MonoTouch.csproj", "{47A308C3-0871-4F44-8C4E-A125D859349E}"
EndProject
Project("{FAE04EC0-301F-11D3-BF4B-00C04F79EFBC}") = "PowerCollections.MonoTouch", "PowerCollections\PowerCollections.MonoTouch\PowerCollections.MonoTouch.csproj", "{D9E1B15B-1332-42AC-AA89-3DB1FBC6A435}"
EndProject
Project("{FAE04EC0-301F-11D3-BF4B-00C04F79EFBC}") = "NetTopologySuite.MonoTouch", "MonoTouch\NetTopologySuite\NetTopologySuite.MonoTouch.csproj", "{BC3AEE2A-4D8A-47FC-B28B-5E5FAD5968E3}"
EndProject
Project("{FAE04EC0-301F-11D3-BF4B-00C04F79EFBC}") = "NTSTest.Touch", "NTSTest.Touch\NTSTest.Touch.csproj", "{69E0B28B-1329-4C65-B1C2-5698D16DF5D5}"
EndProject
Global
	GlobalSection(SolutionConfigurationPlatforms) = preSolution
		Debug|Any CPU = Debug|Any CPU
		Release|Any CPU = Release|Any CPU
		Debug|iPhoneSimulator = Debug|iPhoneSimulator
		Release|iPhoneSimulator = Release|iPhoneSimulator
		Debug|iPhone = Debug|iPhone
		Release|iPhone = Release|iPhone
		Ad-Hoc|iPhone = Ad-Hoc|iPhone
		AppStore|iPhone = AppStore|iPhone
	EndGlobalSection
	GlobalSection(ProjectConfigurationPlatforms) = postSolution
		{11A3E3C2-CA59-4B5A-82A5-6BDF267540F9}.Ad-Hoc|iPhone.ActiveCfg = Debug|Any CPU
		{11A3E3C2-CA59-4B5A-82A5-6BDF267540F9}.Ad-Hoc|iPhone.Build.0 = Debug|Any CPU
		{11A3E3C2-CA59-4B5A-82A5-6BDF267540F9}.AppStore|iPhone.ActiveCfg = Debug|Any CPU
		{11A3E3C2-CA59-4B5A-82A5-6BDF267540F9}.AppStore|iPhone.Build.0 = Debug|Any CPU
		{11A3E3C2-CA59-4B5A-82A5-6BDF267540F9}.Debug|Any CPU.ActiveCfg = Debug|Any CPU
		{11A3E3C2-CA59-4B5A-82A5-6BDF267540F9}.Debug|Any CPU.Build.0 = Debug|Any CPU
		{11A3E3C2-CA59-4B5A-82A5-6BDF267540F9}.Debug|iPhone.ActiveCfg = Debug|Any CPU
		{11A3E3C2-CA59-4B5A-82A5-6BDF267540F9}.Debug|iPhone.Build.0 = Debug|Any CPU
		{11A3E3C2-CA59-4B5A-82A5-6BDF267540F9}.Debug|iPhoneSimulator.ActiveCfg = Debug|Any CPU
		{11A3E3C2-CA59-4B5A-82A5-6BDF267540F9}.Debug|iPhoneSimulator.Build.0 = Debug|Any CPU
		{11A3E3C2-CA59-4B5A-82A5-6BDF267540F9}.Release|Any CPU.ActiveCfg = Release|Any CPU
		{11A3E3C2-CA59-4B5A-82A5-6BDF267540F9}.Release|Any CPU.Build.0 = Release|Any CPU
		{11A3E3C2-CA59-4B5A-82A5-6BDF267540F9}.Release|iPhone.ActiveCfg = Release|Any CPU
		{11A3E3C2-CA59-4B5A-82A5-6BDF267540F9}.Release|iPhone.Build.0 = Release|Any CPU
		{11A3E3C2-CA59-4B5A-82A5-6BDF267540F9}.Release|iPhoneSimulator.ActiveCfg = Release|Any CPU
		{11A3E3C2-CA59-4B5A-82A5-6BDF267540F9}.Release|iPhoneSimulator.Build.0 = Release|Any CPU
		{47A308C3-0871-4F44-8C4E-A125D859349E}.Ad-Hoc|iPhone.ActiveCfg = Debug|Any CPU
		{47A308C3-0871-4F44-8C4E-A125D859349E}.Ad-Hoc|iPhone.Build.0 = Debug|Any CPU
		{47A308C3-0871-4F44-8C4E-A125D859349E}.AppStore|iPhone.ActiveCfg = Debug|Any CPU
		{47A308C3-0871-4F44-8C4E-A125D859349E}.AppStore|iPhone.Build.0 = Debug|Any CPU
		{47A308C3-0871-4F44-8C4E-A125D859349E}.Debug|Any CPU.ActiveCfg = Debug|Any CPU
		{47A308C3-0871-4F44-8C4E-A125D859349E}.Debug|Any CPU.Build.0 = Debug|Any CPU
		{47A308C3-0871-4F44-8C4E-A125D859349E}.Debug|iPhone.ActiveCfg = Debug|Any CPU
		{47A308C3-0871-4F44-8C4E-A125D859349E}.Debug|iPhone.Build.0 = Debug|Any CPU
		{47A308C3-0871-4F44-8C4E-A125D859349E}.Debug|iPhoneSimulator.ActiveCfg = Debug|Any CPU
		{47A308C3-0871-4F44-8C4E-A125D859349E}.Debug|iPhoneSimulator.Build.0 = Debug|Any CPU
		{47A308C3-0871-4F44-8C4E-A125D859349E}.Release|Any CPU.ActiveCfg = Release|Any CPU
		{47A308C3-0871-4F44-8C4E-A125D859349E}.Release|Any CPU.Build.0 = Release|Any CPU
		{47A308C3-0871-4F44-8C4E-A125D859349E}.Release|iPhone.ActiveCfg = Release|Any CPU
		{47A308C3-0871-4F44-8C4E-A125D859349E}.Release|iPhone.Build.0 = Release|Any CPU
		{47A308C3-0871-4F44-8C4E-A125D859349E}.Release|iPhoneSimulator.ActiveCfg = Release|Any CPU
		{47A308C3-0871-4F44-8C4E-A125D859349E}.Release|iPhoneSimulator.Build.0 = Release|Any CPU
		{69E0B28B-1329-4C65-B1C2-5698D16DF5D5}.Ad-Hoc|iPhone.ActiveCfg = Ad-Hoc|iPhone
		{69E0B28B-1329-4C65-B1C2-5698D16DF5D5}.Ad-Hoc|iPhone.Build.0 = Ad-Hoc|iPhone
		{69E0B28B-1329-4C65-B1C2-5698D16DF5D5}.AppStore|iPhone.ActiveCfg = AppStore|iPhone
		{69E0B28B-1329-4C65-B1C2-5698D16DF5D5}.AppStore|iPhone.Build.0 = AppStore|iPhone
		{69E0B28B-1329-4C65-B1C2-5698D16DF5D5}.Debug|Any CPU.ActiveCfg = Debug|iPhoneSimulator
		{69E0B28B-1329-4C65-B1C2-5698D16DF5D5}.Debug|Any CPU.Build.0 = Debug|iPhoneSimulator
		{69E0B28B-1329-4C65-B1C2-5698D16DF5D5}.Debug|iPhone.ActiveCfg = Debug|iPhone
		{69E0B28B-1329-4C65-B1C2-5698D16DF5D5}.Debug|iPhone.Build.0 = Debug|iPhone
		{69E0B28B-1329-4C65-B1C2-5698D16DF5D5}.Debug|iPhoneSimulator.ActiveCfg = Debug|iPhoneSimulator
		{69E0B28B-1329-4C65-B1C2-5698D16DF5D5}.Debug|iPhoneSimulator.Build.0 = Debug|iPhoneSimulator
		{69E0B28B-1329-4C65-B1C2-5698D16DF5D5}.Release|Any CPU.ActiveCfg = Release|iPhoneSimulator
		{69E0B28B-1329-4C65-B1C2-5698D16DF5D5}.Release|Any CPU.Build.0 = Release|iPhoneSimulator
		{69E0B28B-1329-4C65-B1C2-5698D16DF5D5}.Release|iPhone.ActiveCfg = Release|iPhone
		{69E0B28B-1329-4C65-B1C2-5698D16DF5D5}.Release|iPhone.Build.0 = Release|iPhone
		{69E0B28B-1329-4C65-B1C2-5698D16DF5D5}.Release|iPhoneSimulator.ActiveCfg = Release|iPhoneSimulator
		{69E0B28B-1329-4C65-B1C2-5698D16DF5D5}.Release|iPhoneSimulator.Build.0 = Release|iPhoneSimulator
		{6B073DFD-769D-4547-8676-311D6B74BECB}.Ad-Hoc|iPhone.ActiveCfg = Debug|Any CPU
		{6B073DFD-769D-4547-8676-311D6B74BECB}.Ad-Hoc|iPhone.Build.0 = Debug|Any CPU
		{6B073DFD-769D-4547-8676-311D6B74BECB}.AppStore|iPhone.ActiveCfg = Debug|Any CPU
		{6B073DFD-769D-4547-8676-311D6B74BECB}.AppStore|iPhone.Build.0 = Debug|Any CPU
		{6B073DFD-769D-4547-8676-311D6B74BECB}.Debug|Any CPU.ActiveCfg = Debug|Any CPU
		{6B073DFD-769D-4547-8676-311D6B74BECB}.Debug|Any CPU.Build.0 = Debug|Any CPU
		{6B073DFD-769D-4547-8676-311D6B74BECB}.Debug|iPhone.ActiveCfg = Debug|Any CPU
		{6B073DFD-769D-4547-8676-311D6B74BECB}.Debug|iPhone.Build.0 = Debug|Any CPU
		{6B073DFD-769D-4547-8676-311D6B74BECB}.Debug|iPhoneSimulator.ActiveCfg = Debug|Any CPU
		{6B073DFD-769D-4547-8676-311D6B74BECB}.Debug|iPhoneSimulator.Build.0 = Debug|Any CPU
		{6B073DFD-769D-4547-8676-311D6B74BECB}.Release|Any CPU.ActiveCfg = Release|Any CPU
		{6B073DFD-769D-4547-8676-311D6B74BECB}.Release|Any CPU.Build.0 = Release|Any CPU
		{6B073DFD-769D-4547-8676-311D6B74BECB}.Release|iPhone.ActiveCfg = Release|Any CPU
		{6B073DFD-769D-4547-8676-311D6B74BECB}.Release|iPhone.Build.0 = Release|Any CPU
		{6B073DFD-769D-4547-8676-311D6B74BECB}.Release|iPhoneSimulator.ActiveCfg = Release|Any CPU
		{6B073DFD-769D-4547-8676-311D6B74BECB}.Release|iPhoneSimulator.Build.0 = Release|Any CPU
		{72D7CE87-70A8-41DD-810F-BF959F31DB61}.Ad-Hoc|iPhone.ActiveCfg = Debug|Any CPU
		{72D7CE87-70A8-41DD-810F-BF959F31DB61}.Ad-Hoc|iPhone.Build.0 = Debug|Any CPU
		{72D7CE87-70A8-41DD-810F-BF959F31DB61}.AppStore|iPhone.ActiveCfg = Debug|Any CPU
		{72D7CE87-70A8-41DD-810F-BF959F31DB61}.AppStore|iPhone.Build.0 = Debug|Any CPU
		{72D7CE87-70A8-41DD-810F-BF959F31DB61}.Debug|Any CPU.ActiveCfg = Debug|Any CPU
		{72D7CE87-70A8-41DD-810F-BF959F31DB61}.Debug|Any CPU.Build.0 = Debug|Any CPU
		{72D7CE87-70A8-41DD-810F-BF959F31DB61}.Debug|iPhone.ActiveCfg = Debug|Any CPU
		{72D7CE87-70A8-41DD-810F-BF959F31DB61}.Debug|iPhone.Build.0 = Debug|Any CPU
		{72D7CE87-70A8-41DD-810F-BF959F31DB61}.Debug|iPhoneSimulator.ActiveCfg = Debug|Any CPU
		{72D7CE87-70A8-41DD-810F-BF959F31DB61}.Debug|iPhoneSimulator.Build.0 = Debug|Any CPU
		{72D7CE87-70A8-41DD-810F-BF959F31DB61}.Release|Any CPU.ActiveCfg = Release|Any CPU
		{72D7CE87-70A8-41DD-810F-BF959F31DB61}.Release|Any CPU.Build.0 = Release|Any CPU
		{72D7CE87-70A8-41DD-810F-BF959F31DB61}.Release|iPhone.ActiveCfg = Release|Any CPU
		{72D7CE87-70A8-41DD-810F-BF959F31DB61}.Release|iPhone.Build.0 = Release|Any CPU
		{72D7CE87-70A8-41DD-810F-BF959F31DB61}.Release|iPhoneSimulator.ActiveCfg = Release|Any CPU
		{72D7CE87-70A8-41DD-810F-BF959F31DB61}.Release|iPhoneSimulator.Build.0 = Release|Any CPU
		{897A3D5B-501C-49BB-9037-793B957C06A0}.Ad-Hoc|iPhone.ActiveCfg = Debug|Any CPU
		{897A3D5B-501C-49BB-9037-793B957C06A0}.Ad-Hoc|iPhone.Build.0 = Debug|Any CPU
		{897A3D5B-501C-49BB-9037-793B957C06A0}.AppStore|iPhone.ActiveCfg = Debug|Any CPU
		{897A3D5B-501C-49BB-9037-793B957C06A0}.AppStore|iPhone.Build.0 = Debug|Any CPU
		{897A3D5B-501C-49BB-9037-793B957C06A0}.Debug|Any CPU.ActiveCfg = Debug|Any CPU
		{897A3D5B-501C-49BB-9037-793B957C06A0}.Debug|Any CPU.Build.0 = Debug|Any CPU
		{897A3D5B-501C-49BB-9037-793B957C06A0}.Debug|iPhone.ActiveCfg = Debug|Any CPU
		{897A3D5B-501C-49BB-9037-793B957C06A0}.Debug|iPhone.Build.0 = Debug|Any CPU
		{897A3D5B-501C-49BB-9037-793B957C06A0}.Debug|iPhoneSimulator.ActiveCfg = Debug|Any CPU
		{897A3D5B-501C-49BB-9037-793B957C06A0}.Debug|iPhoneSimulator.Build.0 = Debug|Any CPU
		{897A3D5B-501C-49BB-9037-793B957C06A0}.Release|Any CPU.ActiveCfg = Release|Any CPU
		{897A3D5B-501C-49BB-9037-793B957C06A0}.Release|Any CPU.Build.0 = Release|Any CPU
		{897A3D5B-501C-49BB-9037-793B957C06A0}.Release|iPhone.ActiveCfg = Release|Any CPU
		{897A3D5B-501C-49BB-9037-793B957C06A0}.Release|iPhone.Build.0 = Release|Any CPU
		{897A3D5B-501C-49BB-9037-793B957C06A0}.Release|iPhoneSimulator.ActiveCfg = Release|Any CPU
		{897A3D5B-501C-49BB-9037-793B957C06A0}.Release|iPhoneSimulator.Build.0 = Release|Any CPU
		{BC3AEE2A-4D8A-47FC-B28B-5E5FAD5968E3}.Ad-Hoc|iPhone.ActiveCfg = Debug|Any CPU
		{BC3AEE2A-4D8A-47FC-B28B-5E5FAD5968E3}.Ad-Hoc|iPhone.Build.0 = Debug|Any CPU
		{BC3AEE2A-4D8A-47FC-B28B-5E5FAD5968E3}.AppStore|iPhone.ActiveCfg = Debug|Any CPU
		{BC3AEE2A-4D8A-47FC-B28B-5E5FAD5968E3}.AppStore|iPhone.Build.0 = Debug|Any CPU
		{BC3AEE2A-4D8A-47FC-B28B-5E5FAD5968E3}.Debug|Any CPU.ActiveCfg = Debug|Any CPU
		{BC3AEE2A-4D8A-47FC-B28B-5E5FAD5968E3}.Debug|Any CPU.Build.0 = Debug|Any CPU
		{BC3AEE2A-4D8A-47FC-B28B-5E5FAD5968E3}.Debug|iPhone.ActiveCfg = Debug|Any CPU
		{BC3AEE2A-4D8A-47FC-B28B-5E5FAD5968E3}.Debug|iPhone.Build.0 = Debug|Any CPU
		{BC3AEE2A-4D8A-47FC-B28B-5E5FAD5968E3}.Debug|iPhoneSimulator.ActiveCfg = Debug|Any CPU
		{BC3AEE2A-4D8A-47FC-B28B-5E5FAD5968E3}.Debug|iPhoneSimulator.Build.0 = Debug|Any CPU
		{BC3AEE2A-4D8A-47FC-B28B-5E5FAD5968E3}.Release|Any CPU.ActiveCfg = Release|Any CPU
		{BC3AEE2A-4D8A-47FC-B28B-5E5FAD5968E3}.Release|Any CPU.Build.0 = Release|Any CPU
		{BC3AEE2A-4D8A-47FC-B28B-5E5FAD5968E3}.Release|iPhone.ActiveCfg = Release|Any CPU
		{BC3AEE2A-4D8A-47FC-B28B-5E5FAD5968E3}.Release|iPhone.Build.0 = Release|Any CPU
		{BC3AEE2A-4D8A-47FC-B28B-5E5FAD5968E3}.Release|iPhoneSimulator.ActiveCfg = Release|Any CPU
		{BC3AEE2A-4D8A-47FC-B28B-5E5FAD5968E3}.Release|iPhoneSimulator.Build.0 = Release|Any CPU
		{D9E1B15B-1332-42AC-AA89-3DB1FBC6A435}.Ad-Hoc|iPhone.ActiveCfg = Debug|Any CPU
		{D9E1B15B-1332-42AC-AA89-3DB1FBC6A435}.Ad-Hoc|iPhone.Build.0 = Debug|Any CPU
		{D9E1B15B-1332-42AC-AA89-3DB1FBC6A435}.AppStore|iPhone.ActiveCfg = Debug|Any CPU
		{D9E1B15B-1332-42AC-AA89-3DB1FBC6A435}.AppStore|iPhone.Build.0 = Debug|Any CPU
		{D9E1B15B-1332-42AC-AA89-3DB1FBC6A435}.Debug|Any CPU.ActiveCfg = Debug|Any CPU
		{D9E1B15B-1332-42AC-AA89-3DB1FBC6A435}.Debug|Any CPU.Build.0 = Debug|Any CPU
		{D9E1B15B-1332-42AC-AA89-3DB1FBC6A435}.Debug|iPhone.ActiveCfg = Debug|Any CPU
		{D9E1B15B-1332-42AC-AA89-3DB1FBC6A435}.Debug|iPhone.Build.0 = Debug|Any CPU
		{D9E1B15B-1332-42AC-AA89-3DB1FBC6A435}.Debug|iPhoneSimulator.ActiveCfg = Debug|Any CPU
		{D9E1B15B-1332-42AC-AA89-3DB1FBC6A435}.Debug|iPhoneSimulator.Build.0 = Debug|Any CPU
		{D9E1B15B-1332-42AC-AA89-3DB1FBC6A435}.Release|Any CPU.ActiveCfg = Release|Any CPU
		{D9E1B15B-1332-42AC-AA89-3DB1FBC6A435}.Release|Any CPU.Build.0 = Release|Any CPU
		{D9E1B15B-1332-42AC-AA89-3DB1FBC6A435}.Release|iPhone.ActiveCfg = Release|Any CPU
		{D9E1B15B-1332-42AC-AA89-3DB1FBC6A435}.Release|iPhone.Build.0 = Release|Any CPU
		{D9E1B15B-1332-42AC-AA89-3DB1FBC6A435}.Release|iPhoneSimulator.ActiveCfg = Release|Any CPU
		{D9E1B15B-1332-42AC-AA89-3DB1FBC6A435}.Release|iPhoneSimulator.Build.0 = Release|Any CPU
	EndGlobalSection
	GlobalSection(NestedProjects) = preSolution
		{11A3E3C2-CA59-4B5A-82A5-6BDF267540F9} = {51025AC7-4970-4384-8ADB-323CEF2C57A2}
		{897A3D5B-501C-49BB-9037-793B957C06A0} = {51025AC7-4970-4384-8ADB-323CEF2C57A2}
		{72D7CE87-70A8-41DD-810F-BF959F31DB61} = {51025AC7-4970-4384-8ADB-323CEF2C57A2}
		{6B073DFD-769D-4547-8676-311D6B74BECB} = {51025AC7-4970-4384-8ADB-323CEF2C57A2}
		{47A308C3-0871-4F44-8C4E-A125D859349E} = {C1B3BF9D-D2F9-4A8F-BFBC-C87B832889DA}
		{D9E1B15B-1332-42AC-AA89-3DB1FBC6A435} = {C1B3BF9D-D2F9-4A8F-BFBC-C87B832889DA}
		{BC3AEE2A-4D8A-47FC-B28B-5E5FAD5968E3} = {C1B3BF9D-D2F9-4A8F-BFBC-C87B832889DA}
		{69E0B28B-1329-4C65-B1C2-5698D16DF5D5} = {C1B3BF9D-D2F9-4A8F-BFBC-C87B832889DA}
	EndGlobalSection
	GlobalSection(MonoDevelopProperties) = preSolution
		StartupItem = MonoDroid\NetTopologySuite\NetTopologySuite.MonoDroid.csproj
	EndGlobalSection
EndGlobal
